github.com/dgrijalva/jwt-go v3.2.0+incompatible h1:7qlOGliEKZXTDg6OTjfoBKDXWrumCAMpl/TFQ4/5kLM=
github.com/dgrijalva/jwt-go v3.2.0+incompatible/go.mod h1:E3ru+11k8xSBh+hMPgOLZmtrrCbhqsmaPHjLKYnJCaQ=
github.com/infracloudio/msbotbuilder-go v0.0.0-20200105065924-7727c9747c16 h1:fYEUENA8kKShgd31lZ9RyP3r2JYs0k2taG7a+ysKkME=
github.com/infracloudio/msbotbuilder-go v0.0.0-20200105065924-7727c9747c16/go.mod h1:moL3SWsamV+OdsYvolAKm3BEfkyJ0nenb9KtgCbhA5A=
github.com/lestrrat-go/jwx v0.9.0 h1:Fnd0EWzTm0kFrBPzE/PEPp9nzllES5buMkksPMjEKpM=
github.com/lestrrat-go/jwx v0.9.0/go.mod h1:iEoxlYfZjvoGpuWwxUz+eR5e6KTJGsaRcy/YNA/UnBk=
github.com/pkg/errors v0.8.1 h1:iURUrRGxPUNPdy5/HRSm+Yj6okJ6UtLINN0Q9M4+h3I=
github.com/pkg/errors v0.8.1/go.mod h1:bwawxfHBFNV+L2hUp1rHADufV3IMtnDRdf1r5NINEl0=
